<?xml version="1.0" encoding="utf-8"?>
<Project ToolsVersion="4.0" xmlns="http://schemas.microsoft.com/developer/msbuild/2003">
  <ItemGroup>
    <ClCompile Include="DLLMain.cpp" />
    <ClCompile Include="Panels.cpp">
      <Filter>Hooks\Panels</Filter>
    </ClCompile>
    <ClCompile Include="VMTHooks.cpp">
      <Filter>Sparkly Base\VMT</Filter>
    </ClCompile>
    <ClCompile Include="Menu.cpp">
      <Filter>GUI\Menu</Filter>
    </ClCompile>
    <ClCompile Include="Styles.cpp">
      <Filter>GUI\Styles</Filter>
    </ClCompile>
    <ClCompile Include="Controls.cpp">
      <Filter>GUI\Controls</Filter>
    </ClCompile>
    <ClCompile Include="CSignature.cpp">
      <Filter>Sparkly Base\Offsets</Filter>
    </ClCompile>
    <ClCompile Include="Draw utils.h">
      <Filter>Sparkly Base\CDraw</Filter>
    </ClCompile>
    <ClCompile Include="CDraw.cpp">
      <Filter>Sparkly Base\CDraw</Filter>
    </ClCompile>
    <ClCompile Include="Visuals.cpp">
      <Filter>Features\Visuals</Filter>
    </ClCompile>
    <ClCompile Include="Base.cpp">
      <Filter>Sparkly Base\Base</Filter>
    </ClCompile>
    <ClCompile Include="DrawModelExecute.cpp">
      <Filter>Hooks\DrawModelExecute</Filter>
    </ClCompile>
    <ClCompile Include="FrameStageNotify.cpp">
      <Filter>Hooks\FrameStageNotify</Filter>
    </ClCompile>
    <ClCompile Include="CMat.cpp">
      <Filter>Sparkly Base\CMat</Filter>
    </ClCompile>
    <ClCompile Include="Netvars.cpp">
      <Filter>Sparkly Base\Offsets</Filter>
    </ClCompile>
    <ClCompile Include="KeyValues.cpp">
      <Filter>SDK\KeyValues</Filter>
    </ClCompile>
    <ClCompile Include="..\..\..\..\Cade%27s stuff\Source codes\Sparkly FX\Source\Dev Tools.cpp">
      <Filter>Features\Dev Tools</Filter>
    </ClCompile>
  </ItemGroup>
  <ItemGroup>
    <ClInclude Include="Panels.h">
      <Filter>Hooks\Panels</Filter>
    </ClInclude>
    <ClInclude Include="Vector.h">
      <Filter>SDK\Headers</Filter>
    </ClInclude>
    <ClInclude Include="VMTHooks.h">
      <Filter>Sparkly Base\VMT</Filter>
    </ClInclude>
    <ClInclude Include="getvfunc.h">
      <Filter>Sparkly Base\VMT</Filter>
    </ClInclude>
    <ClInclude Include="Color.h">
      <Filter>SDK\Headers</Filter>
    </ClInclude>
    <ClInclude Include="Menu.h">
      <Filter>GUI\Menu</Filter>
    </ClInclude>
    <ClInclude Include="Controls.h">
      <Filter>GUI\Controls</Filter>
    </ClInclude>
    <ClInclude Include="Styles.h">
      <Filter>GUI\Styles</Filter>
    </ClInclude>
    <ClInclude Include="Vector2.h">
      <Filter>SDK\Headers</Filter>
    </ClInclude>
    <ClInclude Include="Icons.h">
      <Filter>GUI\Headers</Filter>
    </ClInclude>
    <ClInclude Include="KeyEnum.h">
      <Filter>GUI\Headers</Filter>
    </ClInclude>
    <ClInclude Include="CSignature.h">
      <Filter>Sparkly Base\Offsets</Filter>
    </ClInclude>
    <ClInclude Include="CDraw.h">
      <Filter>Sparkly Base\CDraw</Filter>
    </ClInclude>
    <ClInclude Include="Visuals.h">
      <Filter>Features\Visuals</Filter>
    </ClInclude>
    <ClInclude Include="Base.h">
      <Filter>Sparkly Base\Base</Filter>
    </ClInclude>
    <ClInclude Include="DrawModelExecute.h">
      <Filter>Hooks\DrawModelExecute</Filter>
    </ClInclude>
    <ClInclude Include="FrameStageNotify.h">
      <Filter>Hooks\FrameStageNotify</Filter>
    </ClInclude>
    <ClInclude Include="CMat.h">
      <Filter>Sparkly Base\CMat</Filter>
    </ClInclude>
    <ClInclude Include="Netvars.h">
      <Filter>Sparkly Base\Offsets</Filter>
    </ClInclude>
    <ClInclude Include="Offsets.h">
      <Filter>Sparkly Base\Offsets</Filter>
    </ClInclude>
    <ClInclude Include="KeyValues.h">
      <Filter>SDK\KeyValues</Filter>
    </ClInclude>
    <ClInclude Include="VGUI.h">
      <Filter>SDK</Filter>
    </ClInclude>
    <ClInclude Include="Materials.h">
      <Filter>SDK</Filter>
    </ClInclude>
    <ClInclude Include="Engine.h">
      <Filter>SDK</Filter>
    </ClInclude>
    <ClInclude Include="studio.h">
      <Filter>SDK\Headers</Filter>
    </ClInclude>
    <ClInclude Include="Entity.h">
      <Filter>SDK\Entity</Filter>
    </ClInclude>
    <ClInclude Include="Entity enums.h">
      <Filter>SDK\Entity</Filter>
    </ClInclude>
    <ClInclude Include="..\..\..\..\Cade%27s stuff\Source codes\Sparkly FX\Source\Dev Tools.h">
      <Filter>Features\Dev Tools</Filter>
    </ClInclude>
  </ItemGroup>
  <ItemGroup>
    <Filter Include="SDK">
      <UniqueIdentifier>{f6d51479-7281-485c-a4e3-9a29da082c19}</UniqueIdentifier>
    </Filter>
    <Filter Include="SDK\Headers">
      <UniqueIdentifier>{442f6002-9298-4284-820b-3b3bc591e09f}</UniqueIdentifier>
    </Filter>
    <Filter Include="Hooks">
      <UniqueIdentifier>{1a22ca63-77be-4198-9e19-193e23698a46}</UniqueIdentifier>
    </Filter>
    <Filter Include="Hooks\Panels">
      <UniqueIdentifier>{3e69aac9-30d2-423b-ab73-fd409bcbd405}</UniqueIdentifier>
    </Filter>
    <Filter Include="Sparkly Base">
      <UniqueIdentifier>{3463bfc4-e9eb-4459-a80f-e3ed531cb975}</UniqueIdentifier>
    </Filter>
    <Filter Include="Sparkly Base\Base">
      <UniqueIdentifier>{9ee9ba93-2b6d-474e-b8b8-be8abc35bb7f}</UniqueIdentifier>
    </Filter>
    <Filter Include="Sparkly Base\Offsets">
      <UniqueIdentifier>{ed62c756-5458-4bda-988f-ca5a8bbd50e6}</UniqueIdentifier>
    </Filter>
    <Filter Include="Sparkly Base\VMT">
      <UniqueIdentifier>{18cadce0-1d40-41eb-b7e8-de5b852742fa}</UniqueIdentifier>
    </Filter>
    <Filter Include="Hooks\FrameStageNotify">
      <UniqueIdentifier>{cf2274f2-0c35-41c3-806a-a636e96a3811}</UniqueIdentifier>
    </Filter>
    <Filter Include="SDK\KeyValues">
      <UniqueIdentifier>{1653211a-6965-482b-a51e-fdf3e737ad13}</UniqueIdentifier>
    </Filter>
    <Filter Include="SDK\Entity">
      <UniqueIdentifier>{dfcf7c65-0284-4811-92eb-2db5c48ef216}</UniqueIdentifier>
    </Filter>
    <Filter Include="Sparkly Base\CMat">
      <UniqueIdentifier>{89cf4544-ca58-4c0e-b931-835c2932174e}</UniqueIdentifier>
    </Filter>
    <Filter Include="Hooks\DrawModelExecute">
      <UniqueIdentifier>{2e001379-ed8e-4041-ace1-871c5752cf3b}</UniqueIdentifier>
    </Filter>
    <Filter Include="GUI">
      <UniqueIdentifier>{3afea707-ecb5-43ea-9283-1c3c663ca7c2}</UniqueIdentifier>
    </Filter>
    <Filter Include="GUI\Controls">
      <UniqueIdentifier>{eed07ca2-d19a-45fa-9a4f-ba9c00a9a498}</UniqueIdentifier>
    </Filter>
    <Filter Include="GUI\Menu">
      <UniqueIdentifier>{439dab5e-b533-496e-b52c-7bf33ab0b78e}</UniqueIdentifier>
    </Filter>
    <Filter Include="GUI\Styles">
      <UniqueIdentifier>{2c931c5f-d3c9-496a-8ea1-ac7934f4cfb0}</UniqueIdentifier>
    </Filter>
    <Filter Include="GUI\Headers">
      <UniqueIdentifier>{3c21cb69-7076-4545-9d63-1eee388d65ac}</UniqueIdentifier>
    </Filter>
    <Filter Include="Sparkly Base\CDraw">
      <UniqueIdentifier>{fc20898a-fdbc-4352-903e-126f229e596f}</UniqueIdentifier>
    </Filter>
    <Filter Include="Features">
      <UniqueIdentifier>{387f4bb7-4930-4ad2-99f2-ca1d90234c8c}</UniqueIdentifier>
    </Filter>
    <Filter Include="Features\Visuals">
      <UniqueIdentifier>{a63a5e61-de42-40d8-b146-8e37cf049891}</UniqueIdentifier>
    </Filter>
    <Filter Include="Features\Dev Tools">
      <UniqueIdentifier>{3d352421-6dbf-4171-9067-466d16e99b0a}</UniqueIdentifier>
    </Filter>
  </ItemGroup>
</Project>